// !$*UTF8*$!
{
	archiveVersion = 1;
	classes = {
	};
	objectVersion = 55;
	objects = {

/* Begin PBXBuildFile section */
		AADAF7B54A2E7442F2453128 /* Pods_prac_stackViewTests.framework in Frameworks */ = {isa = PBXBuildFile; fileRef = 672CBD609AC72B51E6E364E3 /* Pods_prac_stackViewTests.framework */; };
		B237BE1D27C541F500288EE8 /* AppDelegate.swift in Sources */ = {isa = PBXBuildFile; fileRef = B237BE1C27C541F500288EE8 /* AppDelegate.swift */; };
		B237BE1F27C541F500288EE8 /* SceneDelegate.swift in Sources */ = {isa = PBXBuildFile; fileRef = B237BE1E27C541F500288EE8 /* SceneDelegate.swift */; };
		B237BE2127C541F500288EE8 /* ViewController.swift in Sources */ = {isa = PBXBuildFile; fileRef = B237BE2027C541F500288EE8 /* ViewController.swift */; };
		B237BE2427C541F500288EE8 /* Main.storyboard in Resources */ = {isa = PBXBuildFile; fileRef = B237BE2227C541F500288EE8 /* Main.storyboard */; };
		B237BE2627C541F700288EE8 /* Assets.xcassets in Resources */ = {isa = PBXBuildFile; fileRef = B237BE2527C541F700288EE8 /* Assets.xcassets */; };
		B237BE2927C541F700288EE8 /* LaunchScreen.storyboard in Resources */ = {isa = PBXBuildFile; fileRef = B237BE2727C541F700288EE8 /* LaunchScreen.storyboard */; };
		B237BE3427C541F700288EE8 /* prac_stackViewTests.swift in Sources */ = {isa = PBXBuildFile; fileRef = B237BE3327C541F700288EE8 /* prac_stackViewTests.swift */; };
		B237BE3E27C541F700288EE8 /* prac_stackViewUITests.swift in Sources */ = {isa = PBXBuildFile; fileRef = B237BE3D27C541F700288EE8 /* prac_stackViewUITests.swift */; };
		B237BE4027C541F700288EE8 /* prac_stackViewUITestsLaunchTests.swift in Sources */ = {isa = PBXBuildFile; fileRef = B237BE3F27C541F700288EE8 /* prac_stackViewUITestsLaunchTests.swift */; };
		B7FE3BAE0280F10D838720A8 /* Pods_prac_stackView.framework in Frameworks */ = {isa = PBXBuildFile; fileRef = 90752A18C152BB74616A1DF1 /* Pods_prac_stackView.framework */; };
		E531FD944DF700A59495EB34 /* Pods_prac_stackView_prac_stackViewUITests.framework in Frameworks */ = {isa = PBXBuildFile; fileRef = EFCA63E998FA236723C9C13C /* Pods_prac_stackView_prac_stackViewUITests.framework */; };
/* End PBXBuildFile section */

/* Begin PBXContainerItemProxy section */
		B237BE3027C541F700288EE8 /* PBXContainerItemProxy */ = {
			isa = PBXContainerItemProxy;
			containerPortal = B237BE1127C541F500288EE8 /* Project object */;
			proxyType = 1;
			remoteGlobalIDString = B237BE1827C541F500288EE8;
			remoteInfo = prac_stackView;
		};
		B237BE3A27C541F700288EE8 /* PBXContainerItemProxy */ = {
			isa = PBXContainerItemProxy;
			containerPortal = B237BE1127C541F500288EE8 /* Project object */;
			proxyType = 1;
			remoteGlobalIDString = B237BE1827C541F500288EE8;
			remoteInfo = prac_stackView;
		};
/* End PBXContainerItemProxy section */

/* Begin PBXFileReference section */
		2E40C7A1D7E733039D09E507 /* Pods-prac_stackViewTests.debug.xcconfig */ = {isa = PBXFileReference; includeInIndex = 1; lastKnownFileType = text.xcconfig; name = "Pods-prac_stackViewTests.debug.xcconfig"; path = "Target Support Files/Pods-prac_stackViewTests/Pods-prac_stackViewTests.debug.xcconfig"; sourceTree = "<group>"; };
		672CBD609AC72B51E6E364E3 /* Pods_prac_stackViewTests.framework */ = {isa = PBXFileReference; explicitFileType = wrapper.framework; includeInIndex = 0; path = Pods_prac_stackViewTests.framework; sourceTree = BUILT_PRODUCTS_DIR; };
		72F9B51F45FD9F72011E4F03 /* Pods-prac_stackViewTests.release.xcconfig */ = {isa = PBXFileReference; includeInIndex = 1; lastKnownFileType = text.xcconfig; name = "Pods-prac_stackViewTests.release.xcconfig"; path = "Target Support Files/Pods-prac_stackViewTests/Pods-prac_stackViewTests.release.xcconfig"; sourceTree = "<group>"; };
		90752A18C152BB74616A1DF1 /* Pods_prac_stackView.framework */ = {isa = PBXFileReference; explicitFileType = wrapper.framework; includeInIndex = 0; path = Pods_prac_stackView.framework; sourceTree = BUILT_PRODUCTS_DIR; };
		AA9375AF3EF180CBD8D0FEC8 /* Pods-prac_stackView.release.xcconfig */ = {isa = PBXFileReference; includeInIndex = 1; lastKnownFileType = text.xcconfig; name = "Pods-prac_stackView.release.xcconfig"; path = "Target Support Files/Pods-prac_stackView/Pods-prac_stackView.release.xcconfig"; sourceTree = "<group>"; };
		B237BE1927C541F500288EE8 /* prac_stackView.app */ = {isa = PBXFileReference; explicitFileType = wrapper.application; includeInIndex = 0; path = prac_stackView.app; sourceTree = BUILT_PRODUCTS_DIR; };
		B237BE1C27C541F500288EE8 /* AppDelegate.swift */ = {isa = PBXFileReference; lastKnownFileType = sourcecode.swift; path = AppDelegate.swift; sourceTree = "<group>"; };
		B237BE1E27C541F500288EE8 /* SceneDelegate.swift */ = {isa = PBXFileReference; lastKnownFileType = sourcecode.swift; path = SceneDelegate.swift; sourceTree = "<group>"; };
		B237BE2027C541F500288EE8 /* ViewController.swift */ = {isa = PBXFileReference; lastKnownFileType = sourcecode.swift; path = ViewController.swift; sourceTree = "<group>"; };
		B237BE2327C541F500288EE8 /* Base */ = {isa = PBXFileReference; lastKnownFileType = file.storyboard; name = Base; path = Base.lproj/Main.storyboard; sourceTree = "<group>"; };
		B237BE2527C541F700288EE8 /* Assets.xcassets */ = {isa = PBXFileReference; lastKnownFileType = folder.assetcatalog; path = Assets.xcassets; sourceTree = "<group>"; };
		B237BE2827C541F700288EE8 /* Base */ = {isa = PBXFileReference; lastKnownFileType = file.storyboard; name = Base; path = Base.lproj/LaunchScreen.storyboard; sourceTree = "<group>"; };
		B237BE2A27C541F700288EE8 /* Info.plist */ = {isa = PBXFileReference; lastKnownFileType = text.plist.xml; path = Info.plist; sourceTree = "<group>"; };
		B237BE2F27C541F700288EE8 /* prac_stackViewTests.xctest */ = {isa = PBXFileReference; explicitFileType = wrapper.cfbundle; includeInIndex = 0; path = prac_stackViewTests.xctest; sourceTree = BUILT_PRODUCTS_DIR; };
		B237BE3327C541F700288EE8 /* prac_stackViewTests.swift */ = {isa = PBXFileReference; lastKnownFileType = sourcecode.swift; path = prac_stackViewTests.swift; sourceTree = "<group>"; };
		B237BE3927C541F700288EE8 /* prac_stackViewUITests.xctest */ = {isa = PBXFileReference; explicitFileType = wrapper.cfbundle; includeInIndex = 0; path = prac_stackViewUITests.xctest; sourceTree = BUILT_PRODUCTS_DIR; };
		B237BE3D27C541F700288EE8 /* prac_stackViewUITests.swift */ = {isa = PBXFileReference; lastKnownFileType = sourcecode.swift; path = prac_stackViewUITests.swift; sourceTree = "<group>"; };
		B237BE3F27C541F700288EE8 /* prac_stackViewUITestsLaunchTests.swift */ = {isa = PBXFileReference; lastKnownFileType = sourcecode.swift; path = prac_stackViewUITestsLaunchTests.swift; sourceTree = "<group>"; };
		D68B28B88D36092D7F9DCF35 /* Pods-prac_stackView.debug.xcconfig */ = {isa = PBXFileReference; includeInIndex = 1; lastKnownFileType = text.xcconfig; name = "Pods-prac_stackView.debug.xcconfig"; path = "Target Support Files/Pods-prac_stackView/Pods-prac_stackView.debug.xcconfig"; sourceTree = "<group>"; };
		EFCA63E998FA236723C9C13C /* Pods_prac_stackView_prac_stackViewUITests.framework */ = {isa = PBXFileReference; explicitFileType = wrapper.framework; includeInIndex = 0; path = Pods_prac_stackView_prac_stackViewUITests.framework; sourceTree = BUILT_PRODUCTS_DIR; };
		F371B1510ED250048055D173 /* Pods-prac_stackView-prac_stackViewUITests.debug.xcconfig */ = {isa = PBXFileReference; includeInIndex = 1; lastKnownFileType = text.xcconfig; name = "Pods-prac_stackView-prac_stackViewUITests.debug.xcconfig"; path = "Target Support Files/Pods-prac_stackView-prac_stackViewUITests/Pods-prac_stackView-prac_stackViewUITests.debug.xcconfig"; sourceTree = "<group>"; };
		F3E6C4F4F79143FC33D92C77 /* Pods-prac_stackView-prac_stackViewUITests.release.xcconfig */ = {isa = PBXFileReference; includeInIndex = 1; lastKnownFileType = text.xcconfig; name = "Pods-prac_stackView-prac_stackViewUITests.release.xcconfig"; path = "Target Support Files/Pods-prac_stackView-prac_stackViewUITests/Pods-prac_stackView-prac_stackViewUITests.release.xcconfig"; sourceTree = "<group>"; };
/* End PBXFileReference section */

/* Begin PBXFrameworksBuildPhase section */
		B237BE1627C541F500288EE8 /* Frameworks */ = {
			isa = PBXFrameworksBuildPhase;
			buildActionMask = 2147483647;
			files = (
				B7FE3BAE0280F10D838720A8 /* Pods_prac_stackView.framework in Frameworks */,
			);
			runOnlyForDeploymentPostprocessing = 0;
		};
		B237BE2C27C541F700288EE8 /* Frameworks */ = {
			isa = PBXFrameworksBuildPhase;
			buildActionMask = 2147483647;
			files = (
				AADAF7B54A2E7442F2453128 /* Pods_prac_stackViewTests.framework in Frameworks */,
			);
			runOnlyForDeploymentPostprocessing = 0;
		};
		B237BE3627C541F700288EE8 /* Frameworks */ = {
			isa = PBXFrameworksBuildPhase;
			buildActionMask = 2147483647;
			files = (
				E531FD944DF700A59495EB34 /* Pods_prac_stackView_prac_stackViewUITests.framework in Frameworks */,
			);
			runOnlyForDeploymentPostprocessing = 0;
		};
/* End PBXFrameworksBuildPhase section */

/* Begin PBXGroup section */
		A45E98E3052B670E6E6920A5 /* Frameworks */ = {
			isa = PBXGroup;
			children = (
				90752A18C152BB74616A1DF1 /* Pods_prac_stackView.framework */,
				EFCA63E998FA236723C9C13C /* Pods_prac_stackView_prac_stackViewUITests.framework */,
				672CBD609AC72B51E6E364E3 /* Pods_prac_stackViewTests.framework */,
			);
			name = Frameworks;
			sourceTree = "<group>";
		};
		B237BE1027C541F500288EE8 = {
			isa = PBXGroup;
			children = (
				B237BE1B27C541F500288EE8 /* prac_stackView */,
				B237BE3227C541F700288EE8 /* prac_stackViewTests */,
				B237BE3C27C541F700288EE8 /* prac_stackViewUITests */,
				B237BE1A27C541F500288EE8 /* Products */,
				E93F2468035DC4199E33C700 /* Pods */,
				A45E98E3052B670E6E6920A5 /* Frameworks */,
			);
			sourceTree = "<group>";
		};
		B237BE1A27C541F500288EE8 /* Products */ = {
			isa = PBXGroup;
			children = (
				B237BE1927C541F500288EE8 /* prac_stackView.app */,
				B237BE2F27C541F700288EE8 /* prac_stackViewTests.xctest */,
				B237BE3927C541F700288EE8 /* prac_stackViewUITests.xctest */,
			);
			name = Products;
			sourceTree = "<group>";
		};
		B237BE1B27C541F500288EE8 /* prac_stackView */ = {
			isa = PBXGroup;
			children = (
				B237BE1C27C541F500288EE8 /* AppDelegate.swift */,
				B237BE1E27C541F500288EE8 /* SceneDelegate.swift */,
				B237BE2027C541F500288EE8 /* ViewController.swift */,
				B237BE2227C541F500288EE8 /* Main.storyboard */,
				B237BE2527C541F700288EE8 /* Assets.xcassets */,
				B237BE2727C541F700288EE8 /* LaunchScreen.storyboard */,
				B237BE2A27C541F700288EE8 /* Info.plist */,
			);
			path = prac_stackView;
			sourceTree = "<group>";
		};
		B237BE3227C541F700288EE8 /* prac_stackViewTests */ = {
			isa = PBXGroup;
			children = (
				B237BE3327C541F700288EE8 /* prac_stackViewTests.swift */,
			);
			path = prac_stackViewTests;
			sourceTree = "<group>";
		};
		B237BE3C27C541F700288EE8 /* prac_stackViewUITests */ = {
			isa = PBXGroup;
			children = (
				B237BE3D27C541F700288EE8 /* prac_stackViewUITests.swift */,
				B237BE3F27C541F700288EE8 /* prac_stackViewUITestsLaunchTests.swift */,
			);
			path = prac_stackViewUITests;
			sourceTree = "<group>";
		};
		E93F2468035DC4199E33C700 /* Pods */ = {
			isa = PBXGroup;
			children = (
				D68B28B88D36092D7F9DCF35 /* Pods-prac_stackView.debug.xcconfig */,
				AA9375AF3EF180CBD8D0FEC8 /* Pods-prac_stackView.release.xcconfig */,
				F371B1510ED250048055D173 /* Pods-prac_stackView-prac_stackViewUITests.debug.xcconfig */,
				F3E6C4F4F79143FC33D92C77 /* Pods-prac_stackView-prac_stackViewUITests.release.xcconfig */,
				2E40C7A1D7E733039D09E507 /* Pods-prac_stackViewTests.debug.xcconfig */,
				72F9B51F45FD9F72011E4F03 /* Pods-prac_stackViewTests.release.xcconfig */,
			);
			name = Pods;
			path = Pods;
			sourceTree = "<group>";
		};
/* End PBXGroup section */

/* Begin PBXNativeTarget section */
		B237BE1827C541F500288EE8 /* prac_stackView */ = {
			isa = PBXNativeTarget;
			buildConfigurationList = B237BE4327C541F700288EE8 /* Build configuration list for PBXNativeTarget "prac_stackView" */;
			buildPhases = (
				50ED7926D67EC9A08AE11684 /* [CP] Check Pods Manifest.lock */,
				B237BE1527C541F500288EE8 /* Sources */,
				B237BE1627C541F500288EE8 /* Frameworks */,
				B237BE1727C541F500288EE8 /* Resources */,
				238D9AD0E4726FB9D7EAF4D7 /* [CP] Embed Pods Frameworks */,
			);
			buildRules = (
			);
			dependencies = (
			);
			name = prac_stackView;
			productName = prac_stackView;
			productReference = B237BE1927C541F500288EE8 /* prac_stackView.app */;
			productType = "com.apple.product-type.application";
		};
		B237BE2E27C541F700288EE8 /* prac_stackViewTests */ = {
			isa = PBXNativeTarget;
			buildConfigurationList = B237BE4627C541F700288EE8 /* Build configuration list for PBXNativeTarget "prac_stackViewTests" */;
			buildPhases = (
				401A00BF861E80AEBD706DDD /* [CP] Check Pods Manifest.lock */,
				B237BE2B27C541F700288EE8 /* Sources */,
				B237BE2C27C541F700288EE8 /* Frameworks */,
				B237BE2D27C541F700288EE8 /* Resources */,
				00BB535969EC7EC8F472B15F /* [CP] Embed Pods Frameworks */,
			);
			buildRules = (
			);
			dependencies = (
				B237BE3127C541F700288EE8 /* PBXTargetDependency */,
			);
			name = prac_stackViewTests;
			productName = prac_stackViewTests;
			productReference = B237BE2F27C541F700288EE8 /* prac_stackViewTests.xctest */;
			productType = "com.apple.product-type.bundle.unit-test";
		};
		B237BE3827C541F700288EE8 /* prac_stackViewUITests */ = {
			isa = PBXNativeTarget;
			buildConfigurationList = B237BE4927C541F700288EE8 /* Build configuration list for PBXNativeTarget "prac_stackViewUITests" */;
			buildPhases = (
				7357778DD20B9D056F301843 /* [CP] Check Pods Manifest.lock */,
				B237BE3527C541F700288EE8 /* Sources */,
				B237BE3627C541F700288EE8 /* Frameworks */,
				B237BE3727C541F700288EE8 /* Resources */,
				AB93EEEC9C6CE8F85531F8A6 /* [CP] Embed Pods Frameworks */,
			);
			buildRules = (
			);
			dependencies = (
				B237BE3B27C541F700288EE8 /* PBXTargetDependency */,
			);
			name = prac_stackViewUITests;
			productName = prac_stackViewUITests;
			productReference = B237BE3927C541F700288EE8 /* prac_stackViewUITests.xctest */;
			productType = "com.apple.product-type.bundle.ui-testing";
		};
/* End PBXNativeTarget section */

/* Begin PBXProject section */
		B237BE1127C541F500288EE8 /* Project object */ = {
			isa = PBXProject;
			attributes = {
				BuildIndependentTargetsInParallel = 1;
				LastSwiftUpdateCheck = 1320;
				LastUpgradeCheck = 1320;
				TargetAttributes = {
					B237BE1827C541F500288EE8 = {
						CreatedOnToolsVersion = 13.2.1;
					};
					B237BE2E27C541F700288EE8 = {
						CreatedOnToolsVersion = 13.2.1;
						TestTargetID = B237BE1827C541F500288EE8;
					};
					B237BE3827C541F700288EE8 = {
						CreatedOnToolsVersion = 13.2.1;
						TestTargetID = B237BE1827C541F500288EE8;
					};
				};
			};
			buildConfigurationList = B237BE1427C541F500288EE8 /* Build configuration list for PBXProject "prac_stackView" */;
			compatibilityVersion = "Xcode 13.0";
			developmentRegion = en;
			hasScannedForEncodings = 0;
			knownRegions = (
				en,
				Base,
			);
			mainGroup = B237BE1027C541F500288EE8;
			productRefGroup = B237BE1A27C541F500288EE8 /* Products */;
			projectDirPath = "";
			projectRoot = "";
			targets = (
				B237BE1827C541F500288EE8 /* prac_stackView */,
				B237BE2E27C541F700288EE8 /* prac_stackViewTests */,
				B237BE3827C541F700288EE8 /* prac_stackViewUITests */,
			);
		};
/* End PBXProject section */

/* Begin PBXResourcesBuildPhase section */
		B237BE1727C541F500288EE8 /* Resources */ = {
			isa = PBXResourcesBuildPhase;
			buildActionMask = 2147483647;
			files = (
				B237BE2927C541F700288EE8 /* LaunchScreen.storyboard in Resources */,
				B237BE2627C541F700288EE8 /* Assets.xcassets in Resources */,
				B237BE2427C541F500288EE8 /* Main.storyboard in Resources */,
			);
			runOnlyForDeploymentPostprocessing = 0;
		};
		B237BE2D27C541F700288EE8 /* Resources */ = {
			isa = PBXResourcesBuildPhase;
			buildActionMask = 2147483647;
			files = (
			);
			runOnlyForDeploymentPostprocessing = 0;
		};
		B237BE3727C541F700288EE8 /* Resources */ = {
			isa = PBXResourcesBuildPhase;
			buildActionMask = 2147483647;
			files = (
			);
			runOnlyForDeploymentPostprocessing = 0;
		};
/* End PBXResourcesBuildPhase section */

/* Begin PBXShellScriptBuildPhase section */
		00BB535969EC7EC8F472B15F /* [CP] Embed Pods Frameworks */ = {
			isa = PBXShellScriptBuildPhase;
			buildActionMask = 2147483647;
			files = (
			);
			inputFileListPaths = (
				"${PODS_ROOT}/Target Support Files/Pods-prac_stackViewTests/Pods-prac_stackViewTests-frameworks-${CONFIGURATION}-input-files.xcfilelist",
			);
			name = "[CP] Embed Pods Frameworks";
			outputFileListPaths = (
				"${PODS_ROOT}/Target Support Files/Pods-prac_stackViewTests/Pods-prac_stackViewTests-frameworks-${CONFIGURATION}-output-files.xcfilelist",
			);
			runOnlyForDeploymentPostprocessing = 0;
			shellPath = /bin/sh;
			shellScript = "\"${PODS_ROOT}/Target Support Files/Pods-prac_stackViewTests/Pods-prac_stackViewTests-frameworks.sh\"\n";
			showEnvVarsInLog = 0;
		};
		238D9AD0E4726FB9D7EAF4D7 /* [CP] Embed Pods Frameworks */ = {
			isa = PBXShellScriptBuildPhase;
			buildActionMask = 2147483647;
			files = (
			);
			inputFileListPaths = (
				"${PODS_ROOT}/Target Support Files/Pods-prac_stackView/Pods-prac_stackView-frameworks-${CONFIGURATION}-input-files.xcfilelist",
			);
			name = "[CP] Embed Pods Frameworks";
			outputFileListPaths = (
				"${PODS_ROOT}/Target Support Files/Pods-prac_stackView/Pods-prac_stackView-frameworks-${CONFIGURATION}-output-files.xcfilelist",
			);
			runOnlyForDeploymentPostprocessing = 0;
			shellPath = /bin/sh;
			shellScript = "\"${PODS_ROOT}/Target Support Files/Pods-prac_stackView/Pods-prac_stackView-frameworks.sh\"\n";
			showEnvVarsInLog = 0;
		};
		401A00BF861E80AEBD706DDD /* [CP] Check Pods Manifest.lock */ = {
			isa = PBXShellScriptBuildPhase;
			buildActionMask = 2147483647;
			files = (
			);
			inputFileListPaths = (
			);
			inputPaths = (
				"${PODS_PODFILE_DIR_PATH}/Podfile.lock",
				"${PODS_ROOT}/Manifest.lock",
			);
			name = "[CP] Check Pods Manifest.lock";
			outputFileListPaths = (
			);
			outputPaths = (
				"$(DERIVED_FILE_DIR)/Pods-prac_stackViewTests-checkManifestLockResult.txt",
			);
			runOnlyForDeploymentPostprocessing = 0;
			shellPath = /bin/sh;
			shellScript = "diff \"${PODS_PODFILE_DIR_PATH}/Podfile.lock\" \"${PODS_ROOT}/Manifest.lock\" > /dev/null\nif [ $? != 0 ] ; then\n    # print error to STDERR\n    echo \"error: The sandbox is not in sync with the Podfile.lock. Run 'pod install' or update your CocoaPods installation.\" >&2\n    exit 1\nfi\n# This output is used by Xcode 'outputs' to avoid re-running this script phase.\necho \"SUCCESS\" > \"${SCRIPT_OUTPUT_FILE_0}\"\n";
			showEnvVarsInLog = 0;
		};
		50ED7926D67EC9A08AE11684 /* [CP] Check Pods Manifest.lock */ = {
			isa = PBXShellScriptBuildPhase;
			buildActionMask = 2147483647;
			files = (
			);
			inputFileListPaths = (
			);
			inputPaths = (
				"${PODS_PODFILE_DIR_PATH}/Podfile.lock",
				"${PODS_ROOT}/Manifest.lock",
			);
			name = "[CP] Check Pods Manifest.lock";
			outputFileListPaths = (
			);
			outputPaths = (
				"$(DERIVED_FILE_DIR)/Pods-prac_stackView-checkManifestLockResult.txt",
			);
			runOnlyForDeploymentPostprocessing = 0;
			shellPath = /bin/sh;
			shellScript = "diff \"${PODS_PODFILE_DIR_PATH}/Podfile.lock\" \"${PODS_ROOT}/Manifest.lock\" > /dev/null\nif [ $? != 0 ] ; then\n    # print error to STDERR\n    echo \"error: The sandbox is not in sync with the Podfile.lock. Run 'pod install' or update your CocoaPods installation.\" >&2\n    exit 1\nfi\n# This output is used by Xcode 'outputs' to avoid re-running this script phase.\necho \"SUCCESS\" > \"${SCRIPT_OUTPUT_FILE_0}\"\n";
			showEnvVarsInLog = 0;
		};
		7357778DD20B9D056F301843 /* [CP] Check Pods Manifest.lock */ = {
			isa = PBXShellScriptBuildPhase;
			buildActionMask = 2147483647;
			files = (
			);
			inputFileListPaths = (
			);
			inputPaths = (
				"${PODS_PODFILE_DIR_PATH}/Podfile.lock",
				"${PODS_ROOT}/Manifest.lock",
			);
			name = "[CP] Check Pods Manifest.lock";
			outputFileListPaths = (
			);
			outputPaths = (
				"$(DERIVED_FILE_DIR)/Pods-prac_stackView-prac_stackViewUITests-checkManifestLockResult.txt",
			);
			runOnlyForDeploymentPostprocessing = 0;
			shellPath = /bin/sh;
			shellScript = "diff \"${PODS_PODFILE_DIR_PATH}/Podfile.lock\" \"${PODS_ROOT}/Manifest.lock\" > /dev/null\nif [ $? != 0 ] ; then\n    # print error to STDERR\n    echo \"error: The sandbox is not in sync with the Podfile.lock. Run 'pod install' or update your CocoaPods installation.\" >&2\n    exit 1\nfi\n# This output is used by Xcode 'outputs' to avoid re-running this script phase.\necho \"SUCCESS\" > \"${SCRIPT_OUTPUT_FILE_0}\"\n";
			showEnvVarsInLog = 0;
		};
		AB93EEEC9C6CE8F85531F8A6 /* [CP] Embed Pods Frameworks */ = {
			isa = PBXShellScriptBuildPhase;
			buildActionMask = 2147483647;
			files = (
			);
			inputFileListPaths = (
				"${PODS_ROOT}/Target Support Files/Pods-prac_stackView-prac_stackViewUITests/Pods-prac_stackView-prac_stackViewUITests-frameworks-${CONFIGURATION}-input-files.xcfilelist",
			);
			name = "[CP] Embed Pods Frameworks";
			outputFileListPaths = (
				"${PODS_ROOT}/Target Support Files/Pods-prac_stackView-prac_stackViewUITests/Pods-prac_stackView-prac_stackViewUITests-frameworks-${CONFIGURATION}-output-files.xcfilelist",
			);
			runOnlyForDeploymentPostprocessing = 0;
			shellPath = /bin/sh;
			shellScript = "\"${PODS_ROOT}/Target Support Files/Pods-prac_stackView-prac_stackViewUITests/Pods-prac_stackView-prac_stackViewUITests-frameworks.sh\"\n";
			showEnvVarsInLog = 0;
		};
/* End PBXShellScriptBuildPhase section */

/* Begin PBXSourcesBuildPhase section */
		B237BE1527C541F500288EE8 /* Sources */ = {
			isa = PBXSourcesBuildPhase;
			buildActionMask = 2147483647;
			files = (
				B237BE2127C541F500288EE8 /* ViewController.swift in Sources */,
				B237BE1D27C541F500288EE8 /* AppDelegate.swift in Sources */,
				B237BE1F27C541F500288EE8 /* SceneDelegate.swift in Sources */,
			);
			runOnlyForDeploymentPostprocessing = 0;
		};
		B237BE2B27C541F700288EE8 /* Sources */ = {
			isa = PBXSourcesBuildPhase;
			buildActionMask = 2147483647;
			files = (
				B237BE3427C541F700288EE8 /* prac_stackViewTests.swift in Sources */,
			);
			runOnlyForDeploymentPostprocessing = 0;
		};
		B237BE3527C541F700288EE8 /* Sources */ = {
			isa = PBXSourcesBuildPhase;
			buildActionMask = 2147483647;
			files = (
				B237BE4027C541F700288EE8 /* prac_stackViewUITestsLaunchTests.swift in Sources */,
				B237BE3E27C541F700288EE8 /* prac_stackViewUITests.swift in Sources */,
			);
			runOnlyForDeploymentPostprocessing = 0;
		};
/* End PBXSourcesBuildPhase section */

/* Begin PBXTargetDependency section */
		B237BE3127C541F700288EE8 /* PBXTargetDependency */ = {
			isa = PBXTargetDependency;
			target = B237BE1827C541F500288EE8 /* prac_stackView */;
			targetProxy = B237BE3027C541F700288EE8 /* PBXContainerItemProxy */;
		};
		B237BE3B27C541F700288EE8 /* PBXTargetDependency */ = {
			isa = PBXTargetDependency;
			target = B237BE1827C541F500288EE8 /* prac_stackView */;
			targetProxy = B237BE3A27C541F700288EE8 /* PBXContainerItemProxy */;
		};
/* End PBXTargetDependency section */

/* Begin PBXVariantGroup section */
		B237BE2227C541F500288EE8 /* Main.storyboard */ = {
			isa = PBXVariantGroup;
			children = (
				B237BE2327C541F500288EE8 /* Base */,
			);
			name = Main.storyboard;
			sourceTree = "<group>";
		};
		B237BE2727C541F700288EE8 /* LaunchScreen.storyboard */ = {
			isa = PBXVariantGroup;
			children = (
				B237BE2827C541F700288EE8 /* Base */,
			);
			name = LaunchScreen.storyboard;
			sourceTree = "<group>";
		};
/* End PBXVariantGroup section */

/* Begin XCBuildConfiguration section */
		B237BE4127C541F700288EE8 /* Debug */ = {
			isa = XCBuildConfiguration;
			buildSettings = {
				ALWAYS_SEARCH_USER_PATHS = NO;
				CLANG_ANALYZER_NONNULL = YES;
				CLANG_ANALYZER_NUMBER_OBJECT_CONVERSION = YES_AGGRESSIVE;
				CLANG_CXX_LANGUAGE_STANDARD = "gnu++17";
				CLANG_CXX_LIBRARY = "libc++";
				CLANG_ENABLE_MODULES = YES;
				CLANG_ENABLE_OBJC_ARC = YES;
				CLANG_ENABLE_OBJC_WEAK = YES;
				CLANG_WARN_BLOCK_CAPTURE_AUTORELEASING = YES;
				CLANG_WARN_BOOL_CONVERSION = YES;
				CLANG_WARN_COMMA = YES;
				CLANG_WARN_CONSTANT_CONVERSION = YES;
				CLANG_WARN_DEPRECATED_OBJC_IMPLEMENTATIONS = YES;
				CLANG_WARN_DIRECT_OBJC_ISA_USAGE = YES_ERROR;
				CLANG_WARN_DOCUMENTATION_COMMENTS = YES;
				CLANG_WARN_EMPTY_BODY = YES;
				CLANG_WARN_ENUM_CONVERSION = YES;
				CLANG_WARN_INFINITE_RECURSION = YES;
				CLANG_WARN_INT_CONVERSION = YES;
				CLANG_WARN_NON_LITERAL_NULL_CONVERSION = YES;
				CLANG_WARN_OBJC_IMPLICIT_RETAIN_SELF = YES;
				CLANG_WARN_OBJC_LITERAL_CONVERSION = YES;
				CLANG_WARN_OBJC_ROOT_CLASS = YES_ERROR;
				CLANG_WARN_QUOTED_INCLUDE_IN_FRAMEWORK_HEADER = YES;
				CLANG_WARN_RANGE_LOOP_ANALYSIS = YES;
				CLANG_WARN_STRICT_PROTOTYPES = YES;
				CLANG_WARN_SUSPICIOUS_MOVE = YES;
				CLANG_WARN_UNGUARDED_AVAILABILITY = YES_AGGRESSIVE;
				CLANG_WARN_UNREACHABLE_CODE = YES;
				CLANG_WARN__DUPLICATE_METHOD_MATCH = YES;
				COPY_PHASE_STRIP = NO;
				DEBUG_INFORMATION_FORMAT = dwarf;
				ENABLE_STRICT_OBJC_MSGSEND = YES;
				ENABLE_TESTABILITY = YES;
				GCC_C_LANGUAGE_STANDARD = gnu11;
				GCC_DYNAMIC_NO_PIC = NO;
				GCC_NO_COMMON_BLOCKS = YES;
				GCC_OPTIMIZATION_LEVEL = 0;
				GCC_PREPROCESSOR_DEFINITIONS = (
					"DEBUG=1",
					"$(inherited)",
				);
				GCC_WARN_64_TO_32_BIT_CONVERSION = YES;
				GCC_WARN_ABOUT_RETURN_TYPE = YES_ERROR;
				GCC_WARN_UNDECLARED_SELECTOR = YES;
				GCC_WARN_UNINITIALIZED_AUTOS = YES_AGGRESSIVE;
				GCC_WARN_UNUSED_FUNCTION = YES;
				GCC_WARN_UNUSED_VARIABLE = YES;
				IPHONEOS_DEPLOYMENT_TARGET = 15.2;
				MTL_ENABLE_DEBUG_INFO = INCLUDE_SOURCE;
				MTL_FAST_MATH = YES;
				ONLY_ACTIVE_ARCH = YES;
				SDKROOT = iphoneos;
				SWIFT_ACTIVE_COMPILATION_CONDITIONS = DEBUG;
				SWIFT_OPTIMIZATION_LEVEL = "-Onone";
			};
			name = Debug;
		};
		B237BE4227C541F700288EE8 /* Release */ = {
			isa = XCBuildConfiguration;
			buildSettings = {
				ALWAYS_SEARCH_USER_PATHS = NO;
				CLANG_ANALYZER_NONNULL = YES;
				CLANG_ANALYZER_NUMBER_OBJECT_CONVERSION = YES_AGGRESSIVE;
				CLANG_CXX_LANGUAGE_STANDARD = "gnu++17";
				CLANG_CXX_LIBRARY = "libc++";
				CLANG_ENABLE_MODULES = YES;
				CLANG_ENABLE_OBJC_ARC = YES;
				CLANG_ENABLE_OBJC_WEAK = YES;
				CLANG_WARN_BLOCK_CAPTURE_AUTORELEASING = YES;
				CLANG_WARN_BOOL_CONVERSION = YES;
				CLANG_WARN_COMMA = YES;
				CLANG_WARN_CONSTANT_CONVERSION = YES;
				CLANG_WARN_DEPRECATED_OBJC_IMPLEMENTATIONS = YES;
				CLANG_WARN_DIRECT_OBJC_ISA_USAGE = YES_ERROR;
				CLANG_WARN_DOCUMENTATION_COMMENTS = YES;
				CLANG_WARN_EMPTY_BODY = YES;
				CLANG_WARN_ENUM_CONVERSION = YES;
				CLANG_WARN_INFINITE_RECURSION = YES;
				CLANG_WARN_INT_CONVERSION = YES;
				CLANG_WARN_NON_LITERAL_NULL_CONVERSION = YES;
				CLANG_WARN_OBJC_IMPLICIT_RETAIN_SELF = YES;
				CLANG_WARN_OBJC_LITERAL_CONVERSION = YES;
				CLANG_WARN_OBJC_ROOT_CLASS = YES_ERROR;
				CLANG_WARN_QUOTED_INCLUDE_IN_FRAMEWORK_HEADER = YES;
				CLANG_WARN_RANGE_LOOP_ANALYSIS = YES;
				CLANG_WARN_STRICT_PROTOTYPES = YES;
				CLANG_WARN_SUSPICIOUS_MOVE = YES;
				CLANG_WARN_UNGUARDED_AVAILABILITY = YES_AGGRESSIVE;
				CLANG_WARN_UNREACHABLE_CODE = YES;
				CLANG_WARN__DUPLICATE_METHOD_MATCH = YES;
				COPY_PHASE_STRIP = NO;
				DEBUG_INFORMATION_FORMAT = "dwarf-with-dsym";
				ENABLE_NS_ASSERTIONS = NO;
				ENABLE_STRICT_OBJC_MSGSEND = YES;
				GCC_C_LANGUAGE_STANDARD = gnu11;
				GCC_NO_COMMON_BLOCKS = YES;
				GCC_WARN_64_TO_32_BIT_CONVERSION = YES;
				GCC_WARN_ABOUT_RETURN_TYPE = YES_ERROR;
				GCC_WARN_UNDECLARED_SELECTOR = YES;
				GCC_WARN_UNINITIALIZED_AUTOS = YES_AGGRESSIVE;
				GCC_WARN_UNUSED_FUNCTION = YES;
				GCC_WARN_UNUSED_VARIABLE = YES;
				IPHONEOS_DEPLOYMENT_TARGET = 15.2;
				MTL_ENABLE_DEBUG_INFO = NO;
				MTL_FAST_MATH = YES;
				SDKROOT = iphoneos;
				SWIFT_COMPILATION_MODE = wholemodule;
				SWIFT_OPTIMIZATION_LEVEL = "-O";
				VALIDATE_PRODUCT = YES;
			};
			name = Release;
		};
		B237BE4427C541F700288EE8 /* Debug */ = {
			isa = XCBuildConfiguration;
			baseConfigurationReference = D68B28B88D36092D7F9DCF35 /* Pods-prac_stackView.debug.xcconfig */;
			buildSettings = {
				ASSETCATALOG_COMPILER_APPICON_NAME = AppIcon;
				ASSETCATALOG_COMPILER_GLOBAL_ACCENT_COLOR_NAME = AccentColor;
				CODE_SIGN_STYLE = Automatic;
				CURRENT_PROJECT_VERSION = 1;
				GENERATE_INFOPLIST_FILE = YES;
				INFOPLIST_FILE = prac_stackView/Info.plist;
				INFOPLIST_KEY_UIApplicationSupportsIndirectInputEvents = YES;
				INFOPLIST_KEY_UILaunchStoryboardName = LaunchScreen;
				INFOPLIST_KEY_UIMainStoryboardFile = Main;
				INFOPLIST_KEY_UISupportedInterfaceOrientations_iPad = "UIInterfaceOrientationPortrait UIInterfaceOrientationPortraitUpsideDown UIInterfaceOrientationLandscapeLeft UIInterfaceOrientationLandscapeRight";
				INFOPLIST_KEY_UISupportedInterfaceOrientations_iPhone = "UIInterfaceOrientationPortrait UIInterfaceOrientationLandscapeLeft UIInterfaceOrientationLandscapeRight";
				LD_RUNPATH_SEARCH_PATHS = (
					"$(inherited)",
					"@executable_path/Frameworks",
				);
				MARKETING_VERSION = 1.0;
				PRODUCT_BUNDLE_IDENTIFIER = "com.mprac.prac-stackView";
				PRODUCT_NAME = "$(TARGET_NAME)";
				SWIFT_EMIT_LOC_STRINGS = YES;
				SWIFT_VERSION = 5.0;
				TARGETED_DEVICE_FAMILY = "1,2";
			};
			name = Debug;
		};
		B237BE4527C541F700288EE8 /* Release */ = {
			isa = XCBuildConfiguration;
			baseConfigurationReference = AA9375AF3EF180CBD8D0FEC8 /* Pods-prac_stackView.release.xcconfig */;
			buildSettings = {
				ASSETCATALOG_COMPILER_APPICON_NAME = AppIcon;
				ASSETCATALOG_COMPILER_GLOBAL_ACCENT_COLOR_NAME = AccentColor;
				CODE_SIGN_STYLE = Automatic;
				CURRENT_PROJECT_VERSION = 1;
				GENERATE_INFOPLIST_FILE = YES;
				INFOPLIST_FILE = prac_stackView/Info.plist;
				INFOPLIST_KEY_UIApplicationSupportsIndirectInputEvents = YES;
				INFOPLIST_KEY_UILaunchStoryboardName = LaunchScreen;
				INFOPLIST_KEY_UIMainStoryboardFile = Main;
				INFOPLIST_KEY_UISupportedInterfaceOrientations_iPad = "UIInterfaceOrientationPortrait UIInterfaceOrientationPortraitUpsideDown UIInterfaceOrientationLandscapeLeft UIInterfaceOrientationLandscapeRight";
				INFOPLIST_KEY_UISupportedInterfaceOrientations_iPhone = "UIInterfaceOrientationPortrait UIInterfaceOrientationLandscapeLeft UIInterfaceOrientationLandscapeRight";
				LD_RUNPATH_SEARCH_PATHS = (
					"$(inherited)",
					"@executable_path/Frameworks",
				);
				MARKETING_VERSION = 1.0;
				PRODUCT_BUNDLE_IDENTIFIER = "com.mprac.prac-stackView";
				PRODUCT_NAME = "$(TARGET_NAME)";
				SWIFT_EMIT_LOC_STRINGS = YES;
				SWIFT_VERSION = 5.0;
				TARGETED_DEVICE_FAMILY = "1,2";
			};
			name = Release;
		};
		B237BE4727C541F700288EE8 /* Debug */ = {
			isa = XCBuildConfiguration;
			baseConfigurationReference = 2E40C7A1D7E733039D09E507 /* Pods-prac_stackViewTests.debug.xcconfig */;
			buildSettings = {
				ALWAYS_EMBED_SWIFT_STANDARD_LIBRARIES = YES;
				BUNDLE_LOADER = "$(TEST_HOST)";
				CODE_SIGN_STYLE = Automatic;
				CURRENT_PROJECT_VERSION = 1;
				GENERATE_INFOPLIST_FILE = YES;
				IPHONEOS_DEPLOYMENT_TARGET = 15.2;
				MARKETING_VERSION = 1.0;
				PRODUCT_BUNDLE_IDENTIFIER = "com.mprac.prac-stackViewTests";
				PRODUCT_NAME = "$(TARGET_NAME)";
				SWIFT_EMIT_LOC_STRINGS = NO;
				SWIFT_VERSION = 5.0;
				TARGETED_DEVICE_FAMILY = "1,2";
				TEST_HOST = "$(BUILT_PRODUCTS_DIR)/prac_stackView.app/prac_stackView";
			};
			name = Debug;
		};
		B237BE4827C541F700288EE8 /* Release */ = {
			isa = XCBuildConfiguration;
			baseConfigurationReference = 72F9B51F45FD9F72011E4F03 /* Pods-prac_stackViewTests.release.xcconfig */;
			buildSettings = {
				ALWAYS_EMBED_SWIFT_STANDARD_LIBRARIES = YES;
				BUNDLE_LOADER = "$(TEST_HOST)";
				CODE_SIGN_STYLE = Automatic;
				CURRENT_PROJECT_VERSION = 1;
				GENERATE_INFOPLIST_FILE = YES;
				IPHONEOS_DEPLOYMENT_TARGET = 15.2;
				MARKETING_VERSION = 1.0;
				PRODUCT_BUNDLE_IDENTIFIER = "com.mprac.prac-stackViewTests";
				PRODUCT_NAME = "$(TARGET_NAME)";
				SWIFT_EMIT_LOC_STRINGS = NO;
				SWIFT_VERSION = 5.0;
				TARGETED_DEVICE_FAMILY = "1,2";
				TEST_HOST = "$(BUILT_PRODUCTS_DIR)/prac_stackView.app/prac_stackView";
			};
			name = Release;
		};
		B237BE4A27C541F700288EE8 /* Debug */ = {
			isa = XCBuildConfiguration;
			baseConfigurationReference = F371B1510ED250048055D173 /* Pods-prac_stackView-prac_stackViewUITests.debug.xcconfig */;
			buildSettings = {
				ALWAYS_EMBED_SWIFT_STANDARD_LIBRARIES = YES;
				CODE_SIGN_STYLE = Automatic;
				CURRENT_PROJECT_VERSION = 1;
				GENERATE_INFOPLIST_FILE = YES;
				MARKETING_VERSION = 1.0;
				PRODUCT_BUNDLE_IDENTIFIER = "com.mprac.prac-stackViewUITests";
				PRODUCT_NAME = "$(TARGET_NAME)";
				SWIFT_EMIT_LOC_STRINGS = NO;
				SWIFT_VERSION = 5.0;
				TARGETED_DEVICE_FAMILY = "1,2";
				TEST_TARGET_NAME = prac_stackView;
			};
			name = Debug;
		};
		B237BE4B27C541F700288EE8 /* Release */ = {
			isa = XCBuildConfiguration;
			baseConfigurationReference = F3E6C4F4F79143FC33D92C77 /* Pods-prac_stackView-prac_stackViewUITests.release.xcconfig */;
			buildSettings = {
				ALWAYS_EMBED_SWIFT_STANDARD_LIBRARIES = YES;
				CODE_SIGN_STYLE = Automatic;
				CURRENT_PROJECT_VERSION = 1;
				GENERATE_INFOPLIST_FILE = YES;
				MARKETING_VERSION = 1.0;
				PRODUCT_BUNDLE_IDENTIFIER = "com.mprac.prac-stackViewUITests";
				PRODUCT_NAME = "$(TARGET_NAME)";
				SWIFT_EMIT_LOC_STRINGS = NO;
				SWIFT_VERSION = 5.0;
				TARGETED_DEVICE_FAMILY = "1,2";
				TEST_TARGET_NAME = prac_stackView;
			};
			name = Release;
		};
/* End XCBuildConfiguration section */

/* Begin XCConfigurationList section */
		B237BE1427C541F500288EE8 /* Build configuration list for PBXProject "prac_stackView" */ = {
			isa = XCConfigurationList;
			buildConfigurations = (
				B237BE4127C541F700288EE8 /* Debug */,
				B237BE4227C541F700288EE8 /* Release */,
			);
			defaultConfigurationIsVisible = 0;
			defaultConfigurationName = Release;
		};
		B237BE4327C541F700288EE8 /* Build configuration list for PBXNativeTarget "prac_stackView" */ = {
			isa = XCConfigurationList;
			buildConfigurations = (
				B237BE4427C541F700288EE8 /* Debug */,
				B237BE4527C541F700288EE8 /* Release */,
			);
			defaultConfigurationIsVisible = 0;
			defaultConfigurationName = Release;
		};
		B237BE4627C541F700288EE8 /* Build configuration list for PBXNativeTarget "prac_stackViewTests" */ = {
			isa = XCConfigurationList;
			buildConfigurations = (
				B237BE4727C541F700288EE8 /* Debug */,
				B237BE4827C541F700288EE8 /* Release */,
			);
			defaultConfigurationIsVisible = 0;
			defaultConfigurationName = Release;
		};
		B237BE4927C541F700288EE8 /* Build configuration list for PBXNativeTarget "prac_stackViewUITests" */ = {
			isa = XCConfigurationList;
			buildConfigurations = (
				B237BE4A27C541F700288EE8 /* Debug */,
				B237BE4B27C541F700288EE8 /* Release */,
			);
			defaultConfigurationIsVisible = 0;
			defaultConfigurationName = Release;
		};
/* End XCConfigurationList section */
	};
	rootObject = B237BE1127C541F500288EE8 /* Project object */;
}
